
Microsoft Visual Studio Solution File, Format Version 12.00
# Visual Studio 2012
Project("{FAE04EC0-301F-11D3-BF4B-00C04F79EFBC}") = "Greyhound", "Greyhound.csproj", "{C6777D1D-AA04-448D-8F6A-154F5E83F69A}"
EndProject
Project("{FAE04EC0-301F-11D3-BF4B-00C04F79EFBC}") = "Greyhound.Playground", "..\Greyhound.Playground\Greyhound.Playground.csproj", "{91781630-8380-40D9-BBDE-7B6BC1CFD2FC}"
EndProject
Global
	GlobalSection(SolutionConfigurationPlatforms) = preSolution
		Debug|Any CPU = Debug|Any CPU
		Release|Any CPU = Release|Any CPU
	EndGlobalSection
	GlobalSection(ProjectConfigurationPlatforms) = postSolution
		{C6777D1D-AA04-448D-8F6A-154F5E83F69A}.Debug|Any CPU.ActiveCfg = Debug|Any CPU
		{C6777D1D-AA04-448D-8F6A-154F5E83F69A}.Debug|Any CPU.Build.0 = Debug|Any CPU
		{C6777D1D-AA04-448D-8F6A-154F5E83F69A}.Release|Any CPU.ActiveCfg = Release|Any CPU
		{C6777D1D-AA04-448D-8F6A-154F5E83F69A}.Release|Any CPU.Build.0 = Release|Any CPU
		{91781630-8380-40D9-BBDE-7B6BC1CFD2FC}.Debug|Any CPU.ActiveCfg = Debug|Any CPU
		{91781630-8380-40D9-BBDE-7B6BC1CFD2FC}.Debug|Any CPU.Build.0 = Debug|Any CPU
		{91781630-8380-40D9-BBDE-7B6BC1CFD2FC}.Release|Any CPU.ActiveCfg = Release|Any CPU
		{91781630-8380-40D9-BBDE-7B6BC1CFD2FC}.Release|Any CPU.Build.0 = Release|Any CPU
	EndGlobalSection
	GlobalSection(SolutionProperties) = preSolution
		HideSolutionNode = FALSE
	EndGlobalSection
EndGlobal
